PODS:
  - Kingfisher (7.6.2)
  - lottie-ios (3.1.9)
  - SnapKit (5.6.0)
  - SwiftLint (0.52.4)
  - SwiftyUserDefaults (5.3.0)

DEPENDENCIES:
  - Kingfisher (~> 7.6.2)
  - lottie-ios (~> 3.1.9)
  - SnapKit (~> 5.6.0)
  - SwiftLint (~> 0.52.2)
  - SwiftyUserDefaults (~> 5.0)

SPEC REPOS:
  trunk:
    - Kingfisher
    - lottie-ios
    - SnapKit
    - SwiftLint
    - SwiftyUserDefaults

SPEC CHECKSUMS:
  Kingfisher: 6c5449c6450c5239166510ba04afe374a98afc4f
  lottie-ios: 3a3758ef5a008e762faec9c9d50a39842f26d124
  SnapKit: e01d52ebb8ddbc333eefe2132acf85c8227d9c25
  SwiftLint: 1cc5cd61ba9bacb2194e340aeb47a2a37fda00b3
  SwiftyUserDefaults: 63f80248cf5bfb3458825d9a78f2eb7e1293a040

PODFILE CHECKSUM: b8a40354de06528403655a4ca4521693351117b5

COCOAPODS: 1.12.1
